
Microsoft Visual Studio Solution File, Format Version 12.00
# Visual Studio 2012
Project("{FAE04EC0-301F-11D3-BF4B-00C04F79EFBC}") = "Api", "Api\Api.csproj", "{40604506-8202-4B55-B4B3-C2D4BDAA29B7}"
EndProject
Project("{FAE04EC0-301F-11D3-BF4B-00C04F79EFBC}") = "Models", "Models\Models.csproj", "{1CB3822B-6170-4EFF-A4EA-73301527AA84}"
EndProject
Project("{2150E333-8FDC-42A3-9474-1A3956D46DE8}") = ".nuget", ".nuget", "{2DA2163B-CD1C-428C-9ACE-DC0A865C5A02}"
EndProject
Project("{FAE04EC0-301F-11D3-BF4B-00C04F79EFBC}") = "MongoModels", "MongoModels\MongoModels.csproj", "{2B743CF5-5B74-45A3-AC06-ADA5A5417C49}"
EndProject
Global
	GlobalSection(SolutionConfigurationPlatforms) = preSolution
		Debug|Any CPU = Debug|Any CPU
		Release|Any CPU = Release|Any CPU
	EndGlobalSection
	GlobalSection(ProjectConfigurationPlatforms) = postSolution
		{40604506-8202-4B55-B4B3-C2D4BDAA29B7}.Debug|Any CPU.ActiveCfg = Debug|Any CPU
		{40604506-8202-4B55-B4B3-C2D4BDAA29B7}.Debug|Any CPU.Build.0 = Debug|Any CPU
		{40604506-8202-4B55-B4B3-C2D4BDAA29B7}.Release|Any CPU.ActiveCfg = Release|Any CPU
		{40604506-8202-4B55-B4B3-C2D4BDAA29B7}.Release|Any CPU.Build.0 = Release|Any CPU
		{1CB3822B-6170-4EFF-A4EA-73301527AA84}.Debug|Any CPU.ActiveCfg = Debug|Any CPU
		{1CB3822B-6170-4EFF-A4EA-73301527AA84}.Debug|Any CPU.Build.0 = Debug|Any CPU
		{1CB3822B-6170-4EFF-A4EA-73301527AA84}.Release|Any CPU.ActiveCfg = Release|Any CPU
		{1CB3822B-6170-4EFF-A4EA-73301527AA84}.Release|Any CPU.Build.0 = Release|Any CPU
		{2B743CF5-5B74-45A3-AC06-ADA5A5417C49}.Debug|Any CPU.ActiveCfg = Debug|Any CPU
		{2B743CF5-5B74-45A3-AC06-ADA5A5417C49}.Debug|Any CPU.Build.0 = Debug|Any CPU
		{2B743CF5-5B74-45A3-AC06-ADA5A5417C49}.Release|Any CPU.ActiveCfg = Release|Any CPU
		{2B743CF5-5B74-45A3-AC06-ADA5A5417C49}.Release|Any CPU.Build.0 = Release|Any CPU
	EndGlobalSection
	GlobalSection(SolutionProperties) = preSolution
		HideSolutionNode = FALSE
	EndGlobalSection
EndGlobal
